
Microsoft Visual Studio Solution File, Format Version 12.00
# Visual Studio Version 16
VisualStudioVersion = 16.0.31624.102
MinimumVisualStudioVersion = 10.0.40219.1
Project("{FAE04EC0-301F-11D3-BF4B-00C04F79EFBC}") = "SimpleMove", "SimpleMove.csproj", "{ED5C1402-B0D7-4482-A827-C674D832BC14}"
EndProject
Project("{FAE04EC0-301F-11D3-BF4B-00C04F79EFBC}") = "SimpleMove.Tests", "..\SimpleMove.Tests\SimpleMove.Tests.csproj", "{8E947BB8-DF1B-40DA-94A7-8949139F1B18}"
EndProject
Global
	GlobalSection(SolutionConfigurationPlatforms) = preSolution
		Debug|Any CPU = Debug|Any CPU
		Release|Any CPU = Release|Any CPU
	EndGlobalSection
	GlobalSection(ProjectConfigurationPlatforms) = postSolution
		{ED5C1402-B0D7-4482-A827-C674D832BC14}.Debug|Any CPU.ActiveCfg = Debug|Any CPU
		{ED5C1402-B0D7-4482-A827-C674D832BC14}.Debug|Any CPU.Build.0 = Debug|Any CPU
		{ED5C1402-B0D7-4482-A827-C674D832BC14}.Release|Any CPU.ActiveCfg = Release|Any CPU
		{ED5C1402-B0D7-4482-A827-C674D832BC14}.Release|Any CPU.Build.0 = Release|Any CPU
		{8E947BB8-DF1B-40DA-94A7-8949139F1B18}.Debug|Any CPU.ActiveCfg = Debug|Any CPU
		{8E947BB8-DF1B-40DA-94A7-8949139F1B18}.Debug|Any CPU.Build.0 = Debug|Any CPU
		{8E947BB8-DF1B-40DA-94A7-8949139F1B18}.Release|Any CPU.ActiveCfg = Release|Any CPU
		{8E947BB8-DF1B-40DA-94A7-8949139F1B18}.Release|Any CPU.Build.0 = Release|Any CPU
	EndGlobalSection
	GlobalSection(SolutionProperties) = preSolution
		HideSolutionNode = FALSE
	EndGlobalSection
	GlobalSection(ExtensibilityGlobals) = postSolution
		SolutionGuid = {D50BA871-9D2E-491D-9F4F-D9D59E71E295}
	EndGlobalSection
EndGlobal
